
Microsoft Visual Studio Solution File, Format Version 12.00
# Visual Studio 15
VisualStudioVersion = 15.0.28307.106
MinimumVisualStudioVersion = 10.0.40219.1
Project("{FAE04EC0-301F-11D3-BF4B-00C04F79EFBC}") = "Ku.WinForms", "Ku.WinForms\Ku.WinForms.csproj", "{97711907-8846-4E9C-BCEE-FAA0145A3C51}"
EndProject
Global
	GlobalSection(SolutionConfigurationPlatforms) = preSolution
		Debug|Any CPU = Debug|Any CPU
		Release|Any CPU = Release|Any CPU
	EndGlobalSection
	GlobalSection(ProjectConfigurationPlatforms) = postSolution
		{97711907-8846-4E9C-BCEE-FAA0145A3C51}.Debug|Any CPU.ActiveCfg = Debug|Any CPU
		{97711907-8846-4E9C-BCEE-FAA0145A3C51}.Debug|Any CPU.Build.0 = Debug|Any CPU
		{97711907-8846-4E9C-BCEE-FAA0145A3C51}.Release|Any CPU.ActiveCfg = Release|Any CPU
		{97711907-8846-4E9C-BCEE-FAA0145A3C51}.Release|Any CPU.Build.0 = Release|Any CPU
	EndGlobalSection
	GlobalSection(SolutionProperties) = preSolution
		HideSolutionNode = FALSE
	EndGlobalSection
	GlobalSection(ExtensibilityGlobals) = postSolution
		SolutionGuid = {7BDD0B30-A177-44FF-B0D6-EA38565FA5F2}
	EndGlobalSection
EndGlobal
